
Microsoft Visual Studio Solution File, Format Version 12.00
# Visual Studio Version 17
VisualStudioVersion = 17.3.32825.248
MinimumVisualStudioVersion = 10.0.40219.1
Project("{FAE04EC0-301F-11D3-BF4B-00C04F79EFBC}") = "CalculateSalary", "CalculateSalary\CalculateSalary.csproj", "{0FE746F8-B808-46F3-8712-28BE673D989C}"
EndProject
Global
	GlobalSection(SolutionConfigurationPlatforms) = preSolution
		Debug|Any CPU = Debug|Any CPU
		Release|Any CPU = Release|Any CPU
	EndGlobalSection
	GlobalSection(ProjectConfigurationPlatforms) = postSolution
		{0FE746F8-B808-46F3-8712-28BE673D989C}.Debug|Any CPU.ActiveCfg = Debug|Any CPU
		{0FE746F8-B808-46F3-8712-28BE673D989C}.Debug|Any CPU.Build.0 = Debug|Any CPU
		{0FE746F8-B808-46F3-8712-28BE673D989C}.Release|Any CPU.ActiveCfg = Release|Any CPU
		{0FE746F8-B808-46F3-8712-28BE673D989C}.Release|Any CPU.Build.0 = Release|Any CPU
	EndGlobalSection
	GlobalSection(SolutionProperties) = preSolution
		HideSolutionNode = FALSE
	EndGlobalSection
	GlobalSection(ExtensibilityGlobals) = postSolution
		SolutionGuid = {2B758896-766A-414E-8537-AA6F8F9DFEDE}
	EndGlobalSection
EndGlobal
